{
  "projects": [
    {
      "projectId": "rtqeHxaDTf3jEdnrLWLsJW",
      "version": "latest",
      "dependencies": {},
      "lang": "ts",
      "fileLocks": [
        {
          "type": "globalVariant",
          "assetId": "kzqGCbXk1j_o",
          "checksum": "cb3db0b136839e68356145e41ffcbfd1"
        },
        {
          "type": "renderModule",
          "assetId": "Ul0jJY5KO2YV",
          "checksum": "bbd24095a5a2f6a026ec11bdb94c38d5"
        },
        {
          "type": "cssRules",
          "assetId": "Ul0jJY5KO2YV",
          "checksum": "bbd24095a5a2f6a026ec11bdb94c38d5"
        },
        {
          "type": "renderModule",
          "assetId": "Mdq4uBvyQSbL",
          "checksum": "7e6617b42410bb326a1b5d2dd68c851f"
        },
        {
          "type": "cssRules",
          "assetId": "Mdq4uBvyQSbL",
          "checksum": "7e6617b42410bb326a1b5d2dd68c851f"
        },
        {
          "type": "renderModule",
          "assetId": "1BdePqOzkHIJ",
          "checksum": "b37cd9ef965448d43f4dc70807ec0fae"
        },
        {
          "type": "cssRules",
          "assetId": "1BdePqOzkHIJ",
          "checksum": "b37cd9ef965448d43f4dc70807ec0fae"
        },
        {
          "type": "renderModule",
          "assetId": "imXAZtdZyMod",
          "checksum": "e66c8fca8bdf2874575221a2f74b08b7"
        },
        {
          "type": "cssRules",
          "assetId": "imXAZtdZyMod",
          "checksum": "e66c8fca8bdf2874575221a2f74b08b7"
        },
        {
          "type": "renderModule",
          "assetId": "rY4O6GgfEj50",
          "checksum": "c92602c381ceb0315e66f81126cd9cca"
        },
        {
          "type": "cssRules",
          "assetId": "rY4O6GgfEj50",
          "checksum": "c92602c381ceb0315e66f81126cd9cca"
        },
        {
          "assetId": "rtqeHxaDTf3jEdnrLWLsJW",
          "type": "projectCss",
          "checksum": "d5538704b5cfbaf401623ce1d57b3667"
        }
      ],
      "codegenVersion": "0.0.1"
    }
  ],
  "cliVersion": "0.1.299"
}
